Microsoft Visual Studio Solution File, Format Version 12.00
# Visual Studio Version 17
VisualStudioVersion = 17.4.33103.184
MinimumVisualStudioVersion = 10.0.40219.1
Project("{FAE04EC0-301F-11D3-BF4B-00C04F79EFBC}") = "Backup.Core", "src\Backup.Core\Backup.Core.csproj", "{3A8CE5D0-4F1E-4E6B-9F2E-7D0AA4B27972}"
EndProject
Project("{FAE04EC0-301F-11D3-BF4B-00C04F79EFBC}") = "Backup.UI", "src\Backup.UI\Backup.UI.csproj", "{A6B176D4-EBF2-47CE-9A10-4A8A1FBEAB8F}"
EndProject
Global
	GlobalSection(SolutionConfigurationPlatforms) = preSolution
		Debug|Any CPU = Debug|Any CPU
		Release|Any CPU = Release|Any CPU
	EndGlobalSection
	GlobalSection(ProjectConfigurationPlatforms) = postSolution
		{3A8CE5D0-4F1E-4E6B-9F2E-7D0AA4B27972}.Debug|Any CPU.ActiveCfg = Debug|Any CPU
		{3A8CE5D0-4F1E-4E6B-9F2E-7D0AA4B27972}.Debug|Any CPU.Build.0 = Debug|Any CPU
		{3A8CE5D0-4F1E-4E6B-9F2E-7D0AA4B27972}.Release|Any CPU.ActiveCfg = Release|Any CPU
		{3A8CE5D0-4F1E-4E6B-9F2E-7D0AA4B27972}.Release|Any CPU.Build.0 = Release|Any CPU
		{A6B176D4-EBF2-47CE-9A10-4A8A1FBEAB8F}.Debug|Any CPU.ActiveCfg = Debug|Any CPU
		{A6B176D4-EBF2-47CE-9A10-4A8A1FBEAB8F}.Debug|Any CPU.Build.0 = Debug|Any CPU
		{A6B176D4-EBF2-47CE-9A10-4A8A1FBEAB8F}.Release|Any CPU.ActiveCfg = Release|Any CPU
		{A6B176D4-EBF2-47CE-9A10-4A8A1FBEAB8F}.Release|Any CPU.Build.0 = Release|Any CPU
	EndGlobalSection
EndGlobal
